// !$*UTF8*$!
{
	archiveVersion = 1;
	classes = {
	};
	objectVersion = 56;
	objects = {

/* Begin PBXBuildFile section */
		3F949E5E2933377200E2A169 /* _04App.swift in Sources */ = {isa = PBXBuildFile; fileRef = 3F949E5D2933377200E2A169 /* _04App.swift */; };
		3F949E602933377200E2A169 /* ContentView.swift in Sources */ = {isa = PBXBuildFile; fileRef = 3F949E5F2933377200E2A169 /* ContentView.swift */; };
		3F949E622933377200E2A169 /* Assets.xcassets in Resources */ = {isa = PBXBuildFile; fileRef = 3F949E612933377200E2A169 /* Assets.xcassets */; };
		3F949E652933377200E2A169 /* Preview Assets.xcassets in Resources */ = {isa = PBXBuildFile; fileRef = 3F949E642933377200E2A169 /* Preview Assets.xcassets */; };
		3F949E6F2933377200E2A169 /* _04Tests.swift in Sources */ = {isa = PBXBuildFile; fileRef = 3F949E6E2933377200E2A169 /* _04Tests.swift */; };
		3F949E792933377200E2A169 /* _04UITests.swift in Sources */ = {isa = PBXBuildFile; fileRef = 3F949E782933377200E2A169 /* _04UITests.swift */; };
		3F949E7B2933377200E2A169 /* _04UITestsLaunchTests.swift in Sources */ = {isa = PBXBuildFile; fileRef = 3F949E7A2933377200E2A169 /* _04UITestsLaunchTests.swift */; };
		3F949E88293342D900E2A169 /* Model.swift in Sources */ = {isa = PBXBuildFile; fileRef = 3F949E87293342D900E2A169 /* Model.swift */; };
		3F949E8A293342FB00E2A169 /* ViewModel.swift in Sources */ = {isa = PBXBuildFile; fileRef = 3F949E89293342FB00E2A169 /* ViewModel.swift */; };
		3F949E8C2933650C00E2A169 /* Ex.swift in Sources */ = {isa = PBXBuildFile; fileRef = 3F949E8B2933650C00E2A169 /* Ex.swift */; };
		3FCD04AB2934B19B00125FC5 /* ConvertText.swift in Sources */ = {isa = PBXBuildFile; fileRef = 3FCD04AA2934B19B00125FC5 /* ConvertText.swift */; };
		3FCD04AD2934B1CA00125FC5 /* ConvertImage.swift in Sources */ = {isa = PBXBuildFile; fileRef = 3FCD04AC2934B1CA00125FC5 /* ConvertImage.swift */; };
/* End PBXBuildFile section */

/* Begin PBXContainerItemProxy section */
		3F949E6B2933377200E2A169 /* PBXContainerItemProxy */ = {
			isa = PBXContainerItemProxy;
			containerPortal = 3F949E522933377200E2A169 /* Project object */;
			proxyType = 1;
			remoteGlobalIDString = 3F949E592933377200E2A169;
			remoteInfo = 404;
		};
		3F949E752933377200E2A169 /* PBXContainerItemProxy */ = {
			isa = PBXContainerItemProxy;
			containerPortal = 3F949E522933377200E2A169 /* Project object */;
			proxyType = 1;
			remoteGlobalIDString = 3F949E592933377200E2A169;
			remoteInfo = 404;
		};
/* End PBXContainerItemProxy section */

/* Begin PBXFileReference section */
		3F949E5A2933377200E2A169 /* 404.app */ = {isa = PBXFileReference; explicitFileType = wrapper.application; includeInIndex = 0; path = 404.app; sourceTree = BUILT_PRODUCTS_DIR; };
		3F949E5D2933377200E2A169 /* _04App.swift */ = {isa = PBXFileReference; lastKnownFileType = sourcecode.swift; path = _04App.swift; sourceTree = "<group>"; };
		3F949E5F2933377200E2A169 /* ContentView.swift */ = {isa = PBXFileReference; lastKnownFileType = sourcecode.swift; path = ContentView.swift; sourceTree = "<group>"; };
		3F949E612933377200E2A169 /* Assets.xcassets */ = {isa = PBXFileReference; lastKnownFileType = folder.assetcatalog; path = Assets.xcassets; sourceTree = "<group>"; };
		3F949E642933377200E2A169 /* Preview Assets.xcassets */ = {isa = PBXFileReference; lastKnownFileType = folder.assetcatalog; path = "Preview Assets.xcassets"; sourceTree = "<group>"; };
		3F949E6A2933377200E2A169 /* 404Tests.xctest */ = {isa = PBXFileReference; explicitFileType = wrapper.cfbundle; includeInIndex = 0; path = 404Tests.xctest; sourceTree = BUILT_PRODUCTS_DIR; };
		3F949E6E2933377200E2A169 /* _04Tests.swift */ = {isa = PBXFileReference; lastKnownFileType = sourcecode.swift; path = _04Tests.swift; sourceTree = "<group>"; };
		3F949E742933377200E2A169 /* 404UITests.xctest */ = {isa = PBXFileReference; explicitFileType = wrapper.cfbundle; includeInIndex = 0; path = 404UITests.xctest; sourceTree = BUILT_PRODUCTS_DIR; };
		3F949E782933377200E2A169 /* _04UITests.swift */ = {isa = PBXFileReference; lastKnownFileType = sourcecode.swift; path = _04UITests.swift; sourceTree = "<group>"; };
		3F949E7A2933377200E2A169 /* _04UITestsLaunchTests.swift */ = {isa = PBXFileReference; lastKnownFileType = sourcecode.swift; path = _04UITestsLaunchTests.swift; sourceTree = "<group>"; };
		3F949E87293342D900E2A169 /* Model.swift */ = {isa = PBXFileReference; lastKnownFileType = sourcecode.swift; path = Model.swift; sourceTree = "<group>"; };
		3F949E89293342FB00E2A169 /* ViewModel.swift */ = {isa = PBXFileReference; lastKnownFileType = sourcecode.swift; path = ViewModel.swift; sourceTree = "<group>"; };
		3F949E8B2933650C00E2A169 /* Ex.swift */ = {isa = PBXFileReference; lastKnownFileType = sourcecode.swift; path = Ex.swift; sourceTree = "<group>"; };
		3FCD04AA2934B19B00125FC5 /* ConvertText.swift */ = {isa = PBXFileReference; lastKnownFileType = sourcecode.swift; path = ConvertText.swift; sourceTree = "<group>"; };
		3FCD04AC2934B1CA00125FC5 /* ConvertImage.swift */ = {isa = PBXFileReference; lastKnownFileType = sourcecode.swift; path = ConvertImage.swift; sourceTree = "<group>"; };
/* End PBXFileReference section */

/* Begin PBXFrameworksBuildPhase section */
		3F949E572933377200E2A169 /* Frameworks */ = {
			isa = PBXFrameworksBuildPhase;
			buildActionMask = 2147483647;
			files = (
			);
			runOnlyForDeploymentPostprocessing = 0;
		};
		3F949E672933377200E2A169 /* Frameworks */ = {
			isa = PBXFrameworksBuildPhase;
			buildActionMask = 2147483647;
			files = (
			);
			runOnlyForDeploymentPostprocessing = 0;
		};
		3F949E712933377200E2A169 /* Frameworks */ = {
			isa = PBXFrameworksBuildPhase;
			buildActionMask = 2147483647;
			files = (
			);
			runOnlyForDeploymentPostprocessing = 0;
		};
/* End PBXFrameworksBuildPhase section */

/* Begin PBXGroup section */
		3F949E512933377200E2A169 = {
			isa = PBXGroup;
			children = (
				3F949E5C2933377200E2A169 /* 404 */,
				3F949E6D2933377200E2A169 /* 404Tests */,
				3F949E772933377200E2A169 /* 404UITests */,
				3F949E5B2933377200E2A169 /* Products */,
			);
			sourceTree = "<group>";
		};
		3F949E5B2933377200E2A169 /* Products */ = {
			isa = PBXGroup;
			children = (
				3F949E5A2933377200E2A169 /* 404.app */,
				3F949E6A2933377200E2A169 /* 404Tests.xctest */,
				3F949E742933377200E2A169 /* 404UITests.xctest */,
			);
			name = Products;
			sourceTree = "<group>";
		};
		3F949E5C2933377200E2A169 /* 404 */ = {
			isa = PBXGroup;
			children = (
				3F949E5F2933377200E2A169 /* ContentView.swift */,
				3F949E5D2933377200E2A169 /* _04App.swift */,
				3F949E612933377200E2A169 /* Assets.xcassets */,
				3F949E632933377200E2A169 /* Preview Content */,
				3F949E87293342D900E2A169 /* Model.swift */,
				3F949E89293342FB00E2A169 /* ViewModel.swift */,
				3F949E8B2933650C00E2A169 /* Ex.swift */,
				3FCD04AA2934B19B00125FC5 /* ConvertText.swift */,
				3FCD04AC2934B1CA00125FC5 /* ConvertImage.swift */,
			);
			path = 404;
			sourceTree = "<group>";
		};
		3F949E632933377200E2A169 /* Preview Content */ = {
			isa = PBXGroup;
			children = (
				3F949E642933377200E2A169 /* Preview Assets.xcassets */,
			);
			path = "Preview Content";
			sourceTree = "<group>";
		};
		3F949E6D2933377200E2A169 /* 404Tests */ = {
			isa = PBXGroup;
			children = (
				3F949E6E2933377200E2A169 /* _04Tests.swift */,
			);
			path = 404Tests;
			sourceTree = "<group>";
		};
		3F949E772933377200E2A169 /* 404UITests */ = {
			isa = PBXGroup;
			children = (
				3F949E782933377200E2A169 /* _04UITests.swift */,
				3F949E7A2933377200E2A169 /* _04UITestsLaunchTests.swift */,
			);
			path = 404UITests;
			sourceTree = "<group>";
		};
/* End PBXGroup section */

/* Begin PBXNativeTarget section */
		3F949E592933377200E2A169 /* 404 */ = {
			isa = PBXNativeTarget;
			buildConfigurationList = 3F949E7E2933377200E2A169 /* Build configuration list for PBXNativeTarget "404" */;
			buildPhases = (
				3F949E562933377200E2A169 /* Sources */,
				3F949E572933377200E2A169 /* Frameworks */,
				3F949E582933377200E2A169 /* Resources */,
			);
			buildRules = (
			);
			dependencies = (
			);
			name = 404;
			productName = 404;
			productReference = 3F949E5A2933377200E2A169 /* 404.app */;
			productType = "com.apple.product-type.application";
		};
		3F949E692933377200E2A169 /* 404Tests */ = {
			isa = PBXNativeTarget;
			buildConfigurationList = 3F949E812933377200E2A169 /* Build configuration list for PBXNativeTarget "404Tests" */;
			buildPhases = (
				3F949E662933377200E2A169 /* Sources */,
				3F949E672933377200E2A169 /* Frameworks */,
				3F949E682933377200E2A169 /* Resources */,
			);
			buildRules = (
			);
			dependencies = (
				3F949E6C2933377200E2A169 /* PBXTargetDependency */,
			);
			name = 404Tests;
			productName = 404Tests;
			productReference = 3F949E6A2933377200E2A169 /* 404Tests.xctest */;
			productType = "com.apple.product-type.bundle.unit-test";
		};
		3F949E732933377200E2A169 /* 404UITests */ = {
			isa = PBXNativeTarget;
			buildConfigurationList = 3F949E842933377200E2A169 /* Build configuration list for PBXNativeTarget "404UITests" */;
			buildPhases = (
				3F949E702933377200E2A169 /* Sources */,
				3F949E712933377200E2A169 /* Frameworks */,
				3F949E722933377200E2A169 /* Resources */,
			);
			buildRules = (
			);
			dependencies = (
				3F949E762933377200E2A169 /* PBXTargetDependency */,
			);
			name = 404UITests;
			productName = 404UITests;
			productReference = 3F949E742933377200E2A169 /* 404UITests.xctest */;
			productType = "com.apple.product-type.bundle.ui-testing";
		};
/* End PBXNativeTarget section */

/* Begin PBXProject section */
		3F949E522933377200E2A169 /* Project object */ = {
			isa = PBXProject;
			attributes = {
				BuildIndependentTargetsInParallel = 1;
				LastSwiftUpdateCheck = 1410;
				LastUpgradeCheck = 1410;
				TargetAttributes = {
					3F949E592933377200E2A169 = {
						CreatedOnToolsVersion = 14.1;
					};
					3F949E692933377200E2A169 = {
						CreatedOnToolsVersion = 14.1;
						TestTargetID = 3F949E592933377200E2A169;
					};
					3F949E732933377200E2A169 = {
						CreatedOnToolsVersion = 14.1;
						TestTargetID = 3F949E592933377200E2A169;
					};
				};
			};
			buildConfigurationList = 3F949E552933377200E2A169 /* Build configuration list for PBXProject "404" */;
			compatibilityVersion = "Xcode 14.0";
			developmentRegion = en;
			hasScannedForEncodings = 0;
			knownRegions = (
				en,
				Base,
			);
			mainGroup = 3F949E512933377200E2A169;
			productRefGroup = 3F949E5B2933377200E2A169 /* Products */;
			projectDirPath = "";
			projectRoot = "";
			targets = (
				3F949E592933377200E2A169 /* 404 */,
				3F949E692933377200E2A169 /* 404Tests */,
				3F949E732933377200E2A169 /* 404UITests */,
			);
		};
/* End PBXProject section */

/* Begin PBXResourcesBuildPhase section */
		3F949E582933377200E2A169 /* Resources */ = {
			isa = PBXResourcesBuildPhase;
			buildActionMask = 2147483647;
			files = (
				3F949E652933377200E2A169 /* Preview Assets.xcassets in Resources */,
				3F949E622933377200E2A169 /* Assets.xcassets in Resources */,
			);
			runOnlyForDeploymentPostprocessing = 0;
		};
		3F949E682933377200E2A169 /* Resources */ = {
			isa = PBXResourcesBuildPhase;
			buildActionMask = 2147483647;
			files = (
			);
			runOnlyForDeploymentPostprocessing = 0;
		};
		3F949E722933377200E2A169 /* Resources */ = {
			isa = PBXResourcesBuildPhase;
			buildActionMask = 2147483647;
			files = (
			);
			runOnlyForDeploymentPostprocessing = 0;
		};
/* End PBXResourcesBuildPhase section */

/* Begin PBXSourcesBuildPhase section */
		3F949E562933377200E2A169 /* Sources */ = {
			isa = PBXSourcesBuildPhase;
			buildActionMask = 2147483647;
			files = (
				3F949E88293342D900E2A169 /* Model.swift in Sources */,
				3F949E602933377200E2A169 /* ContentView.swift in Sources */,
				3F949E8A293342FB00E2A169 /* ViewModel.swift in Sources */,
				3F949E8C2933650C00E2A169 /* Ex.swift in Sources */,
				3FCD04AB2934B19B00125FC5 /* ConvertText.swift in Sources */,
				3F949E5E2933377200E2A169 /* _04App.swift in Sources */,
				3FCD04AD2934B1CA00125FC5 /* ConvertImage.swift in Sources */,
			);
			runOnlyForDeploymentPostprocessing = 0;
		};
		3F949E662933377200E2A169 /* Sources */ = {
			isa = PBXSourcesBuildPhase;
			buildActionMask = 2147483647;
			files = (
				3F949E6F2933377200E2A169 /* _04Tests.swift in Sources */,
			);
			runOnlyForDeploymentPostprocessing = 0;
		};
		3F949E702933377200E2A169 /* Sources */ = {
			isa = PBXSourcesBuildPhase;
			buildActionMask = 2147483647;
			files = (
				3F949E7B2933377200E2A169 /* _04UITestsLaunchTests.swift in Sources */,
				3F949E792933377200E2A169 /* _04UITests.swift in Sources */,
			);
			runOnlyForDeploymentPostprocessing = 0;
		};
/* End PBXSourcesBuildPhase section */

/* Begin PBXTargetDependency section */
		3F949E6C2933377200E2A169 /* PBXTargetDependency */ = {
			isa = PBXTargetDependency;
			target = 3F949E592933377200E2A169 /* 404 */;
			targetProxy = 3F949E6B2933377200E2A169 /* PBXContainerItemProxy */;
		};
		3F949E762933377200E2A169 /* PBXTargetDependency */ = {
			isa = PBXTargetDependency;
			target = 3F949E592933377200E2A169 /* 404 */;
			targetProxy = 3F949E752933377200E2A169 /* PBXContainerItemProxy */;
		};
/* End PBXTargetDependency section */

/* Begin XCBuildConfiguration section */
		3F949E7C2933377200E2A169 /* Debug */ = {
			isa = XCBuildConfiguration;
			buildSettings = {
				ALWAYS_SEARCH_USER_PATHS = NO;
				CLANG_ANALYZER_NONNULL = YES;
				CLANG_ANALYZER_NUMBER_OBJECT_CONVERSION = YES_AGGRESSIVE;
				CLANG_CXX_LANGUAGE_STANDARD = "gnu++20";
				CLANG_ENABLE_MODULES = YES;
				CLANG_ENABLE_OBJC_ARC = YES;
				CLANG_ENABLE_OBJC_WEAK = YES;
				CLANG_WARN_BLOCK_CAPTURE_AUTORELEASING = YES;
				CLANG_WARN_BOOL_CONVERSION = YES;
				CLANG_WARN_COMMA = YES;
				CLANG_WARN_CONSTANT_CONVERSION = YES;
				CLANG_WARN_DEPRECATED_OBJC_IMPLEMENTATIONS = YES;
				CLANG_WARN_DIRECT_OBJC_ISA_USAGE = YES_ERROR;
				CLANG_WARN_DOCUMENTATION_COMMENTS = YES;
				CLANG_WARN_EMPTY_BODY = YES;
				CLANG_WARN_ENUM_CONVERSION = YES;
				CLANG_WARN_INFINITE_RECURSION = YES;
				CLANG_WARN_INT_CONVERSION = YES;
				CLANG_WARN_NON_LITERAL_NULL_CONVERSION = YES;
				CLANG_WARN_OBJC_IMPLICIT_RETAIN_SELF = YES;
				CLANG_WARN_OBJC_LITERAL_CONVERSION = YES;
				CLANG_WARN_OBJC_ROOT_CLASS = YES_ERROR;
				CLANG_WARN_QUOTED_INCLUDE_IN_FRAMEWORK_HEADER = YES;
				CLANG_WARN_RANGE_LOOP_ANALYSIS = YES;
				CLANG_WARN_STRICT_PROTOTYPES = YES;
				CLANG_WARN_SUSPICIOUS_MOVE = YES;
				CLANG_WARN_UNGUARDED_AVAILABILITY = YES_AGGRESSIVE;
				CLANG_WARN_UNREACHABLE_CODE = YES;
				CLANG_WARN__DUPLICATE_METHOD_MATCH = YES;
				COPY_PHASE_STRIP = NO;
				DEBUG_INFORMATION_FORMAT = dwarf;
				ENABLE_STRICT_OBJC_MSGSEND = YES;
				ENABLE_TESTABILITY = YES;
				GCC_C_LANGUAGE_STANDARD = gnu11;
				GCC_DYNAMIC_NO_PIC = NO;
				GCC_NO_COMMON_BLOCKS = YES;
				GCC_OPTIMIZATION_LEVEL = 0;
				GCC_PREPROCESSOR_DEFINITIONS = (
					"DEBUG=1",
					"$(inherited)",
				);
				GCC_WARN_64_TO_32_BIT_CONVERSION = YES;
				GCC_WARN_ABOUT_RETURN_TYPE = YES_ERROR;
				GCC_WARN_UNDECLARED_SELECTOR = YES;
				GCC_WARN_UNINITIALIZED_AUTOS = YES_AGGRESSIVE;
				GCC_WARN_UNUSED_FUNCTION = YES;
				GCC_WARN_UNUSED_VARIABLE = YES;
				IPHONEOS_DEPLOYMENT_TARGET = 16.1;
				MTL_ENABLE_DEBUG_INFO = INCLUDE_SOURCE;
				MTL_FAST_MATH = YES;
				ONLY_ACTIVE_ARCH = YES;
				SDKROOT = iphoneos;
				SWIFT_ACTIVE_COMPILATION_CONDITIONS = DEBUG;
				SWIFT_OPTIMIZATION_LEVEL = "-Onone";
			};
			name = Debug;
		};
		3F949E7D2933377200E2A169 /* Release */ = {
			isa = XCBuildConfiguration;
			buildSettings = {
				ALWAYS_SEARCH_USER_PATHS = NO;
				CLANG_ANALYZER_NONNULL = YES;
				CLANG_ANALYZER_NUMBER_OBJECT_CONVERSION = YES_AGGRESSIVE;
				CLANG_CXX_LANGUAGE_STANDARD = "gnu++20";
				CLANG_ENABLE_MODULES = YES;
				CLANG_ENABLE_OBJC_ARC = YES;
				CLANG_ENABLE_OBJC_WEAK = YES;
				CLANG_WARN_BLOCK_CAPTURE_AUTORELEASING = YES;
				CLANG_WARN_BOOL_CONVERSION = YES;
				CLANG_WARN_COMMA = YES;
				CLANG_WARN_CONSTANT_CONVERSION = YES;
				CLANG_WARN_DEPRECATED_OBJC_IMPLEMENTATIONS = YES;
				CLANG_WARN_DIRECT_OBJC_ISA_USAGE = YES_ERROR;
				CLANG_WARN_DOCUMENTATION_COMMENTS = YES;
				CLANG_WARN_EMPTY_BODY = YES;
				CLANG_WARN_ENUM_CONVERSION = YES;
				CLANG_WARN_INFINITE_RECURSION = YES;
				CLANG_WARN_INT_CONVERSION = YES;
				CLANG_WARN_NON_LITERAL_NULL_CONVERSION = YES;
				CLANG_WARN_OBJC_IMPLICIT_RETAIN_SELF = YES;
				CLANG_WARN_OBJC_LITERAL_CONVERSION = YES;
				CLANG_WARN_OBJC_ROOT_CLASS = YES_ERROR;
				CLANG_WARN_QUOTED_INCLUDE_IN_FRAMEWORK_HEADER = YES;
				CLANG_WARN_RANGE_LOOP_ANALYSIS = YES;
				CLANG_WARN_STRICT_PROTOTYPES = YES;
				CLANG_WARN_SUSPICIOUS_MOVE = YES;
				CLANG_WARN_UNGUARDED_AVAILABILITY = YES_AGGRESSIVE;
				CLANG_WARN_UNREACHABLE_CODE = YES;
				CLANG_WARN__DUPLICATE_METHOD_MATCH = YES;
				COPY_PHASE_STRIP = NO;
				DEBUG_INFORMATION_FORMAT = "dwarf-with-dsym";
				ENABLE_NS_ASSERTIONS = NO;
				ENABLE_STRICT_OBJC_MSGSEND = YES;
				GCC_C_LANGUAGE_STANDARD = gnu11;
				GCC_NO_COMMON_BLOCKS = YES;
				GCC_WARN_64_TO_32_BIT_CONVERSION = YES;
				GCC_WARN_ABOUT_RETURN_TYPE = YES_ERROR;
				GCC_WARN_UNDECLARED_SELECTOR = YES;
				GCC_WARN_UNINITIALIZED_AUTOS = YES_AGGRESSIVE;
				GCC_WARN_UNUSED_FUNCTION = YES;
				GCC_WARN_UNUSED_VARIABLE = YES;
				IPHONEOS_DEPLOYMENT_TARGET = 16.1;
				MTL_ENABLE_DEBUG_INFO = NO;
				MTL_FAST_MATH = YES;
				SDKROOT = iphoneos;
				SWIFT_COMPILATION_MODE = wholemodule;
				SWIFT_OPTIMIZATION_LEVEL = "-O";
				VALIDATE_PRODUCT = YES;
			};
			name = Release;
		};
		3F949E7F2933377200E2A169 /* Debug */ = {
			isa = XCBuildConfiguration;
			buildSettings = {
				ASSETCATALOG_COMPILER_APPICON_NAME = AppIcon;
				ASSETCATALOG_COMPILER_GLOBAL_ACCENT_COLOR_NAME = AccentColor;
				CODE_SIGN_STYLE = Automatic;
				CURRENT_PROJECT_VERSION = 2;
				DEVELOPMENT_ASSET_PATHS = "\"404/Preview Content\"";
				DEVELOPMENT_TEAM = N22PJBS26Y;
				ENABLE_PREVIEWS = YES;
				GENERATE_INFOPLIST_FILE = YES;
				INFOPLIST_KEY_CFBundleDisplayName = 404er;
				INFOPLIST_KEY_LSApplicationCategoryType = "public.app-category.utilities";
				INFOPLIST_KEY_UIApplicationSceneManifest_Generation = YES;
				INFOPLIST_KEY_UIApplicationSupportsIndirectInputEvents = YES;
				INFOPLIST_KEY_UILaunchScreen_Generation = YES;
				INFOPLIST_KEY_UISupportedInterfaceOrientations_iPad = "UIInterfaceOrientationPortrait UIInterfaceOrientationPortraitUpsideDown UIInterfaceOrientationLandscapeLeft UIInterfaceOrientationLandscapeRight";
				INFOPLIST_KEY_UISupportedInterfaceOrientations_iPhone = "UIInterfaceOrientationPortrait UIInterfaceOrientationLandscapeLeft UIInterfaceOrientationLandscapeRight";
				LD_RUNPATH_SEARCH_PATHS = (
					"$(inherited)",
					"@executable_path/Frameworks",
				);
				MARKETING_VERSION = 2.0;
				PRODUCT_BUNDLE_IDENTIFIER = "dev.guyanhua.-04";
				PRODUCT_NAME = "$(TARGET_NAME)";
				SUPPORTED_PLATFORMS = "iphoneos iphonesimulator";
				SUPPORTS_MACCATALYST = NO;
				SUPPORTS_MAC_DESIGNED_FOR_IPHONE_IPAD = YES;
				SWIFT_EMIT_LOC_STRINGS = YES;
				SWIFT_VERSION = 5.0;
				TARGETED_DEVICE_FAMILY = 1;
			};
			name = Debug;
		};
		3F949E802933377200E2A169 /* Release */ = {
			isa = XCBuildConfiguration;
			buildSettings = {
				ASSETCATALOG_COMPILER_APPICON_NAME = AppIcon;
				ASSETCATALOG_COMPILER_GLOBAL_ACCENT_COLOR_NAME = AccentColor;
				CODE_SIGN_STYLE = Automatic;
				CURRENT_PROJECT_VERSION = 2;
				DEVELOPMENT_ASSET_PATHS = "\"404/Preview Content\"";
				DEVELOPMENT_TEAM = N22PJBS26Y;
				ENABLE_PREVIEWS = YES;
				GENERATE_INFOPLIST_FILE = YES;
				INFOPLIST_KEY_CFBundleDisplayName = 404er;
				INFOPLIST_KEY_LSApplicationCategoryType = "public.app-category.utilities";
				INFOPLIST_KEY_UIApplicationSceneManifest_Generation = YES;
				INFOPLIST_KEY_UIApplicationSupportsIndirectInputEvents = YES;
				INFOPLIST_KEY_UILaunchScreen_Generation = YES;
				INFOPLIST_KEY_UISupportedInterfaceOrientations_iPad = "UIInterfaceOrientationPortrait UIInterfaceOrientationPortraitUpsideDown UIInterfaceOrientationLandscapeLeft UIInterfaceOrientationLandscapeRight";
				INFOPLIST_KEY_UISupportedInterfaceOrientations_iPhone = "UIInterfaceOrientationPortrait UIInterfaceOrientationLandscapeLeft UIInterfaceOrientationLandscapeRight";
				LD_RUNPATH_SEARCH_PATHS = (
					"$(inherited)",
					"@executable_path/Frameworks",
				);
				MARKETING_VERSION = 2.0;
				PRODUCT_BUNDLE_IDENTIFIER = "dev.guyanhua.-04";
				PRODUCT_NAME = "$(TARGET_NAME)";
				SUPPORTED_PLATFORMS = "iphoneos iphonesimulator";
				SUPPORTS_MACCATALYST = NO;
				SUPPORTS_MAC_DESIGNED_FOR_IPHONE_IPAD = YES;
				SWIFT_EMIT_LOC_STRINGS = YES;
				SWIFT_VERSION = 5.0;
				TARGETED_DEVICE_FAMILY = 1;
			};
			name = Release;
		};
		3F949E822933377200E2A169 /* Debug */ = {
			isa = XCBuildConfiguration;
			buildSettings = {
				ALWAYS_EMBED_SWIFT_STANDARD_LIBRARIES = YES;
				BUNDLE_LOADER = "$(TEST_HOST)";
				CODE_SIGN_STYLE = Automatic;
				CURRENT_PROJECT_VERSION = 1;
				DEVELOPMENT_TEAM = N22PJBS26Y;
				GENERATE_INFOPLIST_FILE = YES;
				IPHONEOS_DEPLOYMENT_TARGET = 16.1;
				MARKETING_VERSION = 1.0;
				PRODUCT_BUNDLE_IDENTIFIER = "dev.guyanhua.-04Tests";
				PRODUCT_NAME = "$(TARGET_NAME)";
				SWIFT_EMIT_LOC_STRINGS = NO;
				SWIFT_VERSION = 5.0;
				TARGETED_DEVICE_FAMILY = "1,2";
				TEST_HOST = "$(BUILT_PRODUCTS_DIR)/404.app/$(BUNDLE_EXECUTABLE_FOLDER_PATH)/404";
			};
			name = Debug;
		};
		3F949E832933377200E2A169 /* Release */ = {
			isa = XCBuildConfiguration;
			buildSettings = {
				ALWAYS_EMBED_SWIFT_STANDARD_LIBRARIES = YES;
				BUNDLE_LOADER = "$(TEST_HOST)";
				CODE_SIGN_STYLE = Automatic;
				CURRENT_PROJECT_VERSION = 1;
				DEVELOPMENT_TEAM = N22PJBS26Y;
				GENERATE_INFOPLIST_FILE = YES;
				IPHONEOS_DEPLOYMENT_TARGET = 16.1;
				MARKETING_VERSION = 1.0;
				PRODUCT_BUNDLE_IDENTIFIER = "dev.guyanhua.-04Tests";
				PRODUCT_NAME = "$(TARGET_NAME)";
				SWIFT_EMIT_LOC_STRINGS = NO;
				SWIFT_VERSION = 5.0;
				TARGETED_DEVICE_FAMILY = "1,2";
				TEST_HOST = "$(BUILT_PRODUCTS_DIR)/404.app/$(BUNDLE_EXECUTABLE_FOLDER_PATH)/404";
			};
			name = Release;
		};
		3F949E852933377200E2A169 /* Debug */ = {
			isa = XCBuildConfiguration;
			buildSettings = {
				ALWAYS_EMBED_SWIFT_STANDARD_LIBRARIES = YES;
				CODE_SIGN_STYLE = Automatic;
				CURRENT_PROJECT_VERSION = 1;
				DEVELOPMENT_TEAM = N22PJBS26Y;
				GENERATE_INFOPLIST_FILE = YES;
				MARKETING_VERSION = 1.0;
				PRODUCT_BUNDLE_IDENTIFIER = "dev.guyanhua.-04UITests";
				PRODUCT_NAME = "$(TARGET_NAME)";
				SWIFT_EMIT_LOC_STRINGS = NO;
				SWIFT_VERSION = 5.0;
				TARGETED_DEVICE_FAMILY = "1,2";
				TEST_TARGET_NAME = 404;
			};
			name = Debug;
		};
		3F949E862933377200E2A169 /* Release */ = {
			isa = XCBuildConfiguration;
			buildSettings = {
				ALWAYS_EMBED_SWIFT_STANDARD_LIBRARIES = YES;
				CODE_SIGN_STYLE = Automatic;
				CURRENT_PROJECT_VERSION = 1;
				DEVELOPMENT_TEAM = N22PJBS26Y;
				GENERATE_INFOPLIST_FILE = YES;
				MARKETING_VERSION = 1.0;
				PRODUCT_BUNDLE_IDENTIFIER = "dev.guyanhua.-04UITests";
				PRODUCT_NAME = "$(TARGET_NAME)";
				SWIFT_EMIT_LOC_STRINGS = NO;
				SWIFT_VERSION = 5.0;
				TARGETED_DEVICE_FAMILY = "1,2";
				TEST_TARGET_NAME = 404;
			};
			name = Release;
		};
/* End XCBuildConfiguration section */

/* Begin XCConfigurationList section */
		3F949E552933377200E2A169 /* Build configuration list for PBXProject "404" */ = {
			isa = XCConfigurationList;
			buildConfigurations = (
				3F949E7C2933377200E2A169 /* Debug */,
				3F949E7D2933377200E2A169 /* Release */,
			);
			defaultConfigurationIsVisible = 0;
			defaultConfigurationName = Release;
		};
		3F949E7E2933377200E2A169 /* Build configuration list for PBXNativeTarget "404" */ = {
			isa = XCConfigurationList;
			buildConfigurations = (
				3F949E7F2933377200E2A169 /* Debug */,
				3F949E802933377200E2A169 /* Release */,
			);
			defaultConfigurationIsVisible = 0;
			defaultConfigurationName = Release;
		};
		3F949E812933377200E2A169 /* Build configuration list for PBXNativeTarget "404Tests" */ = {
			isa = XCConfigurationList;
			buildConfigurations = (
				3F949E822933377200E2A169 /* Debug */,
				3F949E832933377200E2A169 /* Release */,
			);
			defaultConfigurationIsVisible = 0;
			defaultConfigurationName = Release;
		};
		3F949E842933377200E2A169 /* Build configuration list for PBXNativeTarget "404UITests" */ = {
			isa = XCConfigurationList;
			buildConfigurations = (
				3F949E852933377200E2A169 /* Debug */,
				3F949E862933377200E2A169 /* Release */,
			);
			defaultConfigurationIsVisible = 0;
			defaultConfigurationName = Release;
		};
/* End XCConfigurationList section */
	};
	rootObject = 3F949E522933377200E2A169 /* Project object */;
}
